
Microsoft Visual Studio Solution File, Format Version 12.00
# Visual Studio Version 16
VisualStudioVersion = 16.0.32929.386
MinimumVisualStudioVersion = 10.0.40219.1
Project("{FAE04EC0-301F-11D3-BF4B-00C04F79EFBC}") = "WorkListAPI", "WorkListAPI.csproj", "{D85C088D-C13F-47DD-B9D8-8AA797A07BE8}"
EndProject
Global
	GlobalSection(SolutionConfigurationPlatforms) = preSolution
		Debug|Any CPU = Debug|Any CPU
		Release|Any CPU = Release|Any CPU
	EndGlobalSection
	GlobalSection(ProjectConfigurationPlatforms) = postSolution
		{D85C088D-C13F-47DD-B9D8-8AA797A07BE8}.Debug|Any CPU.ActiveCfg = Debug|Any CPU
		{D85C088D-C13F-47DD-B9D8-8AA797A07BE8}.Debug|Any CPU.Build.0 = Debug|Any CPU
		{D85C088D-C13F-47DD-B9D8-8AA797A07BE8}.Release|Any CPU.ActiveCfg = Release|Any CPU
		{D85C088D-C13F-47DD-B9D8-8AA797A07BE8}.Release|Any CPU.Build.0 = Release|Any CPU
	EndGlobalSection
	GlobalSection(SolutionProperties) = preSolution
		HideSolutionNode = FALSE
	EndGlobalSection
	GlobalSection(ExtensibilityGlobals) = postSolution
		SolutionGuid = {355F3C68-7DDB-47C1-9F7A-A688D3AFCFF3}
	EndGlobalSection
EndGlobal
